
Microsoft Visual Studio Solution File, Format Version 12.00
# Visual Studio 15
VisualStudioVersion = 15.0.26124.0
MinimumVisualStudioVersion = 15.0.26124.0
Project("{FAE04EC0-301F-11D3-BF4B-00C04F79EFBC}") = "Domain", "Domain\Domain.csproj", "{3A8632A1-637E-4AD3-8340-9576A066C009}"
EndProject
Project("{FAE04EC0-301F-11D3-BF4B-00C04F79EFBC}") = "Application", "Application\Application.csproj", "{8973ACE4-F93F-4D16-A6E6-319C51C11C51}"
EndProject
Project("{FAE04EC0-301F-11D3-BF4B-00C04F79EFBC}") = "Persistence", "Persistence\Persistence.csproj", "{EBB1F95E-4BEF-4E20-ABEA-8BCF973A0CA3}"
EndProject
Project("{FAE04EC0-301F-11D3-BF4B-00C04F79EFBC}") = "API", "API\API.csproj", "{71AD37D6-50F6-469F-8346-D1733EC72D38}"
EndProject
Project("{FAE04EC0-301F-11D3-BF4B-00C04F79EFBC}") = "Infrastructure", "Infrastructure\Infrastructure.csproj", "{A00299A8-F57F-4539-9053-47CCDCFBCA1C}"
EndProject
Global
	GlobalSection(SolutionConfigurationPlatforms) = preSolution
		Debug|Any CPU = Debug|Any CPU
		Debug|x64 = Debug|x64
		Debug|x86 = Debug|x86
		Release|Any CPU = Release|Any CPU
		Release|x64 = Release|x64
		Release|x86 = Release|x86
	EndGlobalSection
	GlobalSection(SolutionProperties) = preSolution
		HideSolutionNode = FALSE
	EndGlobalSection
	GlobalSection(ProjectConfigurationPlatforms) = postSolution
		{3A8632A1-637E-4AD3-8340-9576A066C009}.Debug|Any CPU.ActiveCfg = Debug|Any CPU
		{3A8632A1-637E-4AD3-8340-9576A066C009}.Debug|Any CPU.Build.0 = Debug|Any CPU
		{3A8632A1-637E-4AD3-8340-9576A066C009}.Debug|x64.ActiveCfg = Debug|Any CPU
		{3A8632A1-637E-4AD3-8340-9576A066C009}.Debug|x64.Build.0 = Debug|Any CPU
		{3A8632A1-637E-4AD3-8340-9576A066C009}.Debug|x86.ActiveCfg = Debug|Any CPU
		{3A8632A1-637E-4AD3-8340-9576A066C009}.Debug|x86.Build.0 = Debug|Any CPU
		{3A8632A1-637E-4AD3-8340-9576A066C009}.Release|Any CPU.ActiveCfg = Release|Any CPU
		{3A8632A1-637E-4AD3-8340-9576A066C009}.Release|Any CPU.Build.0 = Release|Any CPU
		{3A8632A1-637E-4AD3-8340-9576A066C009}.Release|x64.ActiveCfg = Release|Any CPU
		{3A8632A1-637E-4AD3-8340-9576A066C009}.Release|x64.Build.0 = Release|Any CPU
		{3A8632A1-637E-4AD3-8340-9576A066C009}.Release|x86.ActiveCfg = Release|Any CPU
		{3A8632A1-637E-4AD3-8340-9576A066C009}.Release|x86.Build.0 = Release|Any CPU
		{8973ACE4-F93F-4D16-A6E6-319C51C11C51}.Debug|Any CPU.ActiveCfg = Debug|Any CPU
		{8973ACE4-F93F-4D16-A6E6-319C51C11C51}.Debug|Any CPU.Build.0 = Debug|Any CPU
		{8973ACE4-F93F-4D16-A6E6-319C51C11C51}.Debug|x64.ActiveCfg = Debug|Any CPU
		{8973ACE4-F93F-4D16-A6E6-319C51C11C51}.Debug|x64.Build.0 = Debug|Any CPU
		{8973ACE4-F93F-4D16-A6E6-319C51C11C51}.Debug|x86.ActiveCfg = Debug|Any CPU
		{8973ACE4-F93F-4D16-A6E6-319C51C11C51}.Debug|x86.Build.0 = Debug|Any CPU
		{8973ACE4-F93F-4D16-A6E6-319C51C11C51}.Release|Any CPU.ActiveCfg = Release|Any CPU
		{8973ACE4-F93F-4D16-A6E6-319C51C11C51}.Release|Any CPU.Build.0 = Release|Any CPU
		{8973ACE4-F93F-4D16-A6E6-319C51C11C51}.Release|x64.ActiveCfg = Release|Any CPU
		{8973ACE4-F93F-4D16-A6E6-319C51C11C51}.Release|x64.Build.0 = Release|Any CPU
		{8973ACE4-F93F-4D16-A6E6-319C51C11C51}.Release|x86.ActiveCfg = Release|Any CPU
		{8973ACE4-F93F-4D16-A6E6-319C51C11C51}.Release|x86.Build.0 = Release|Any CPU
		{EBB1F95E-4BEF-4E20-ABEA-8BCF973A0CA3}.Debug|Any CPU.ActiveCfg = Debug|Any CPU
		{EBB1F95E-4BEF-4E20-ABEA-8BCF973A0CA3}.Debug|Any CPU.Build.0 = Debug|Any CPU
		{EBB1F95E-4BEF-4E20-ABEA-8BCF973A0CA3}.Debug|x64.ActiveCfg = Debug|Any CPU
		{EBB1F95E-4BEF-4E20-ABEA-8BCF973A0CA3}.Debug|x64.Build.0 = Debug|Any CPU
		{EBB1F95E-4BEF-4E20-ABEA-8BCF973A0CA3}.Debug|x86.ActiveCfg = Debug|Any CPU
		{EBB1F95E-4BEF-4E20-ABEA-8BCF973A0CA3}.Debug|x86.Build.0 = Debug|Any CPU
		{EBB1F95E-4BEF-4E20-ABEA-8BCF973A0CA3}.Release|Any CPU.ActiveCfg = Release|Any CPU
		{EBB1F95E-4BEF-4E20-ABEA-8BCF973A0CA3}.Release|Any CPU.Build.0 = Release|Any CPU
		{EBB1F95E-4BEF-4E20-ABEA-8BCF973A0CA3}.Release|x64.ActiveCfg = Release|Any CPU
		{EBB1F95E-4BEF-4E20-ABEA-8BCF973A0CA3}.Release|x64.Build.0 = Release|Any CPU
		{EBB1F95E-4BEF-4E20-ABEA-8BCF973A0CA3}.Release|x86.ActiveCfg = Release|Any CPU
		{EBB1F95E-4BEF-4E20-ABEA-8BCF973A0CA3}.Release|x86.Build.0 = Release|Any CPU
		{71AD37D6-50F6-469F-8346-D1733EC72D38}.Debug|Any CPU.ActiveCfg = Debug|Any CPU
		{71AD37D6-50F6-469F-8346-D1733EC72D38}.Debug|Any CPU.Build.0 = Debug|Any CPU
		{71AD37D6-50F6-469F-8346-D1733EC72D38}.Debug|x64.ActiveCfg = Debug|Any CPU
		{71AD37D6-50F6-469F-8346-D1733EC72D38}.Debug|x64.Build.0 = Debug|Any CPU
		{71AD37D6-50F6-469F-8346-D1733EC72D38}.Debug|x86.ActiveCfg = Debug|Any CPU
		{71AD37D6-50F6-469F-8346-D1733EC72D38}.Debug|x86.Build.0 = Debug|Any CPU
		{71AD37D6-50F6-469F-8346-D1733EC72D38}.Release|Any CPU.ActiveCfg = Release|Any CPU
		{71AD37D6-50F6-469F-8346-D1733EC72D38}.Release|Any CPU.Build.0 = Release|Any CPU
		{71AD37D6-50F6-469F-8346-D1733EC72D38}.Release|x64.ActiveCfg = Release|Any CPU
		{71AD37D6-50F6-469F-8346-D1733EC72D38}.Release|x64.Build.0 = Release|Any CPU
		{71AD37D6-50F6-469F-8346-D1733EC72D38}.Release|x86.ActiveCfg = Release|Any CPU
		{71AD37D6-50F6-469F-8346-D1733EC72D38}.Release|x86.Build.0 = Release|Any CPU
		{A00299A8-F57F-4539-9053-47CCDCFBCA1C}.Debug|Any CPU.ActiveCfg = Debug|Any CPU
		{A00299A8-F57F-4539-9053-47CCDCFBCA1C}.Debug|Any CPU.Build.0 = Debug|Any CPU
		{A00299A8-F57F-4539-9053-47CCDCFBCA1C}.Debug|x64.ActiveCfg = Debug|Any CPU
		{A00299A8-F57F-4539-9053-47CCDCFBCA1C}.Debug|x64.Build.0 = Debug|Any CPU
		{A00299A8-F57F-4539-9053-47CCDCFBCA1C}.Debug|x86.ActiveCfg = Debug|Any CPU
		{A00299A8-F57F-4539-9053-47CCDCFBCA1C}.Debug|x86.Build.0 = Debug|Any CPU
		{A00299A8-F57F-4539-9053-47CCDCFBCA1C}.Release|Any CPU.ActiveCfg = Release|Any CPU
		{A00299A8-F57F-4539-9053-47CCDCFBCA1C}.Release|Any CPU.Build.0 = Release|Any CPU
		{A00299A8-F57F-4539-9053-47CCDCFBCA1C}.Release|x64.ActiveCfg = Release|Any CPU
		{A00299A8-F57F-4539-9053-47CCDCFBCA1C}.Release|x64.Build.0 = Release|Any CPU
		{A00299A8-F57F-4539-9053-47CCDCFBCA1C}.Release|x86.ActiveCfg = Release|Any CPU
		{A00299A8-F57F-4539-9053-47CCDCFBCA1C}.Release|x86.Build.0 = Release|Any CPU
	EndGlobalSection
EndGlobal
